
Microsoft Visual Studio Solution File, Format Version 12.00
# Visual Studio Version 16
VisualStudioVersion = 16.0.32929.386
MinimumVisualStudioVersion = 10.0.40219.1
Project("{00D1A9C2-B5F0-4AF3-8072-F6C62B433612}") = "Version", "Version\Version.sqlproj", "{A62E27A0-AF30-4226-AB66-66909ADDEBD2}"
EndProject
Global
	GlobalSection(SolutionConfigurationPlatforms) = preSolution
		Debug|Any CPU = Debug|Any CPU
		Release|Any CPU = Release|Any CPU
	EndGlobalSection
	GlobalSection(ProjectConfigurationPlatforms) = postSolution
		{A62E27A0-AF30-4226-AB66-66909ADDEBD2}.Debug|Any CPU.ActiveCfg = Debug|Any CPU
		{A62E27A0-AF30-4226-AB66-66909ADDEBD2}.Debug|Any CPU.Build.0 = Debug|Any CPU
		{A62E27A0-AF30-4226-AB66-66909ADDEBD2}.Debug|Any CPU.Deploy.0 = Debug|Any CPU
		{A62E27A0-AF30-4226-AB66-66909ADDEBD2}.Release|Any CPU.ActiveCfg = Release|Any CPU
		{A62E27A0-AF30-4226-AB66-66909ADDEBD2}.Release|Any CPU.Build.0 = Release|Any CPU
		{A62E27A0-AF30-4226-AB66-66909ADDEBD2}.Release|Any CPU.Deploy.0 = Release|Any CPU
	EndGlobalSection
	GlobalSection(SolutionProperties) = preSolution
		HideSolutionNode = FALSE
	EndGlobalSection
	GlobalSection(ExtensibilityGlobals) = postSolution
		SolutionGuid = {9452761F-878D-4721-9A73-02A4346DD015}
	EndGlobalSection
EndGlobal
